// !$*UTF8*$!
{
	archiveVersion = 1;
	classes = {
	};
	objectVersion = 48;
	objects = {

/* Begin PBXBuildFile section */
		09C86B8E217712AB00B5F212 /* AppDelegate.m in Sources */ = {isa = PBXBuildFile; fileRef = 09C86B8D217712AB00B5F212 /* AppDelegate.m */; };
		09C86B91217712AB00B5F212 /* ViewController.m in Sources */ = {isa = PBXBuildFile; fileRef = 09C86B90217712AB00B5F212 /* ViewController.m */; };
		09C86B94217712AB00B5F212 /* Main.storyboard in Resources */ = {isa = PBXBuildFile; fileRef = 09C86B92217712AB00B5F212 /* Main.storyboard */; };
		09C86B96217712AB00B5F212 /* Assets.xcassets in Resources */ = {isa = PBXBuildFile; fileRef = 09C86B95217712AB00B5F212 /* Assets.xcassets */; };
		09C86B99217712AB00B5F212 /* LaunchScreen.storyboard in Resources */ = {isa = PBXBuildFile; fileRef = 09C86B97217712AB00B5F212 /* LaunchScreen.storyboard */; };
		09C86B9C217712AB00B5F212 /* main.m in Sources */ = {isa = PBXBuildFile; fileRef = 09C86B9B217712AB00B5F212 /* main.m */; };
/* End PBXBuildFile section */

/* Begin PBXFileReference section */
		09C86B89217712AB00B5F212 /* MY UI ProgressView.app */ = {isa = PBXFileReference; explicitFileType = wrapper.application; includeInIndex = 0; path = "MY UI ProgressView.app"; sourceTree = BUILT_PRODUCTS_DIR; };
		09C86B8C217712AB00B5F212 /* AppDelegate.h */ = {isa = PBXFileReference; lastKnownFileType = sourcecode.c.h; path = AppDelegate.h; sourceTree = "<group>"; };
		09C86B8D217712AB00B5F212 /* AppDelegate.m */ = {isa = PBXFileReference; lastKnownFileType = sourcecode.c.objc; path = AppDelegate.m; sourceTree = "<group>"; };
		09C86B8F217712AB00B5F212 /* ViewController.h */ = {isa = PBXFileReference; lastKnownFileType = sourcecode.c.h; path = ViewController.h; sourceTree = "<group>"; };
		09C86B90217712AB00B5F212 /* ViewController.m */ = {isa = PBXFileReference; lastKnownFileType = sourcecode.c.objc; path = ViewController.m; sourceTree = "<group>"; };
		09C86B93217712AB00B5F212 /* Base */ = {isa = PBXFileReference; lastKnownFileType = file.storyboard; name = Base; path = Base.lproj/Main.storyboard; sourceTree = "<group>"; };
		09C86B95217712AB00B5F212 /* Assets.xcassets */ = {isa = PBXFileReference; lastKnownFileType = folder.assetcatalog; path = Assets.xcassets; sourceTree = "<group>"; };
		09C86B98217712AB00B5F212 /* Base */ = {isa = PBXFileReference; lastKnownFileType = file.storyboard; name = Base; path = Base.lproj/LaunchScreen.storyboard; sourceTree = "<group>"; };
		09C86B9A217712AB00B5F212 /* Info.plist */ = {isa = PBXFileReference; lastKnownFileType = text.plist.xml; path = Info.plist; sourceTree = "<group>"; };
		09C86B9B217712AB00B5F212 /* main.m */ = {isa = PBXFileReference; lastKnownFileType = sourcecode.c.objc; path = main.m; sourceTree = "<group>"; };
/* End PBXFileReference section */

/* Begin PBXFrameworksBuildPhase section */
		09C86B86217712AB00B5F212 /* Frameworks */ = {
			isa = PBXFrameworksBuildPhase;
			buildActionMask = 2147483647;
			files = (
			);
			runOnlyForDeploymentPostprocessing = 0;
		};
/* End PBXFrameworksBuildPhase section */

/* Begin PBXGroup section */
		09C86B80217712AB00B5F212 = {
			isa = PBXGroup;
			children = (
				09C86B8B217712AB00B5F212 /* MY UI ProgressView */,
				09C86B8A217712AB00B5F212 /* Products */,
			);
			sourceTree = "<group>";
		};
		09C86B8A217712AB00B5F212 /* Products */ = {
			isa = PBXGroup;
			children = (
				09C86B89217712AB00B5F212 /* MY UI ProgressView.app */,
			);
			name = Products;
			sourceTree = "<group>";
		};
		09C86B8B217712AB00B5F212 /* MY UI ProgressView */ = {
			isa = PBXGroup;
			children = (
				09C86B8C217712AB00B5F212 /* AppDelegate.h */,
				09C86B8D217712AB00B5F212 /* AppDelegate.m */,
				09C86B8F217712AB00B5F212 /* ViewController.h */,
				09C86B90217712AB00B5F212 /* ViewController.m */,
				09C86B92217712AB00B5F212 /* Main.storyboard */,
				09C86B95217712AB00B5F212 /* Assets.xcassets */,
				09C86B97217712AB00B5F212 /* LaunchScreen.storyboard */,
				09C86B9A217712AB00B5F212 /* Info.plist */,
				09C86B9B217712AB00B5F212 /* main.m */,
			);
			path = "MY UI ProgressView";
			sourceTree = "<group>";
		};
/* End PBXGroup section */

/* Begin PBXNativeTarget section */
		09C86B88217712AB00B5F212 /* MY UI ProgressView */ = {
			isa = PBXNativeTarget;
			buildConfigurationList = 09C86B9F217712AB00B5F212 /* Build configuration list for PBXNativeTarget "MY UI ProgressView" */;
			buildPhases = (
				09C86B85217712AB00B5F212 /* Sources */,
				09C86B86217712AB00B5F212 /* Frameworks */,
				09C86B87217712AB00B5F212 /* Resources */,
			);
			buildRules = (
			);
			dependencies = (
			);
			name = "MY UI ProgressView";
			productName = "MY UI ProgressView";
			productReference = 09C86B89217712AB00B5F212 /* MY UI ProgressView.app */;
			productType = "com.apple.product-type.application";
		};
/* End PBXNativeTarget section */

/* Begin PBXProject section */
		09C86B81217712AB00B5F212 /* Project object */ = {
			isa = PBXProject;
			attributes = {
				LastUpgradeCheck = 0920;
				ORGANIZATIONNAME = "Markandayan Perumandi";
				TargetAttributes = {
					09C86B88217712AB00B5F212 = {
						CreatedOnToolsVersion = 9.2;
						ProvisioningStyle = Automatic;
					};
				};
			};
			buildConfigurationList = 09C86B84217712AB00B5F212 /* Build configuration list for PBXProject "MY UI ProgressView" */;
			compatibilityVersion = "Xcode 8.0";
			developmentRegion = en;
			hasScannedForEncodings = 0;
			knownRegions = (
				en,
				Base,
			);
			mainGroup = 09C86B80217712AB00B5F212;
			productRefGroup = 09C86B8A217712AB00B5F212 /* Products */;
			projectDirPath = "";
			projectRoot = "";
			targets = (
				09C86B88217712AB00B5F212 /* MY UI ProgressView */,
			);
		};
/* End PBXProject section */

/* Begin PBXResourcesBuildPhase section */
		09C86B87217712AB00B5F212 /* Resources */ = {
			isa = PBXResourcesBuildPhase;
			buildActionMask = 2147483647;
			files = (
				09C86B99217712AB00B5F212 /* LaunchScreen.storyboard in Resources */,
				09C86B96217712AB00B5F212 /* Assets.xcassets in Resources */,
				09C86B94217712AB00B5F212 /* Main.storyboard in Resources */,
			);
			runOnlyForDeploymentPostprocessing = 0;
		};
/* End PBXResourcesBuildPhase section */

/* Begin PBXSourcesBuildPhase section */
		09C86B85217712AB00B5F212 /* Sources */ = {
			isa = PBXSourcesBuildPhase;
			buildActionMask = 2147483647;
			files = (
				09C86B91217712AB00B5F212 /* ViewController.m in Sources */,
				09C86B9C217712AB00B5F212 /* main.m in Sources */,
				09C86B8E217712AB00B5F212 /* AppDelegate.m in Sources */,
			);
			runOnlyForDeploymentPostprocessing = 0;
		};
/* End PBXSourcesBuildPhase section */

/* Begin PBXVariantGroup section */
		09C86B92217712AB00B5F212 /* Main.storyboard */ = {
			isa = PBXVariantGroup;
			children = (
				09C86B93217712AB00B5F212 /* Base */,
			);
			name = Main.storyboard;
			sourceTree = "<group>";
		};
		09C86B97217712AB00B5F212 /* LaunchScreen.storyboard */ = {
			isa = PBXVariantGroup;
			children = (
				09C86B98217712AB00B5F212 /* Base */,
			);
			name = LaunchScreen.storyboard;
			sourceTree = "<group>";
		};
/* End PBXVariantGroup section */

/* Begin XCBuildConfiguration section */
		09C86B9D217712AB00B5F212 /* Debug */ = {
			isa = XCBuildConfiguration;
			buildSettings = {
				ALWAYS_SEARCH_USER_PATHS = NO;
				CLANG_ANALYZER_NONNULL = YES;
				CLANG_ANALYZER_NUMBER_OBJECT_CONVERSION = YES_AGGRESSIVE;
				CLANG_CXX_LANGUAGE_STANDARD = "gnu++14";
				CLANG_CXX_LIBRARY = "libc++";
				CLANG_ENABLE_MODULES = YES;
				CLANG_ENABLE_OBJC_ARC = YES;
				CLANG_WARN_BLOCK_CAPTURE_AUTORELEASING = YES;
				CLANG_WARN_BOOL_CONVERSION = YES;
				CLANG_WARN_COMMA = YES;
				CLANG_WARN_CONSTANT_CONVERSION = YES;
				CLANG_WARN_DIRECT_OBJC_ISA_USAGE = YES_ERROR;
				CLANG_WARN_DOCUMENTATION_COMMENTS = YES;
				CLANG_WARN_EMPTY_BODY = YES;
				CLANG_WARN_ENUM_CONVERSION = YES;
				CLANG_WARN_INFINITE_RECURSION = YES;
				CLANG_WARN_INT_CONVERSION = YES;
				CLANG_WARN_NON_LITERAL_NULL_CONVERSION = YES;
				CLANG_WARN_OBJC_LITERAL_CONVERSION = YES;
				CLANG_WARN_OBJC_ROOT_CLASS = YES_ERROR;
				CLANG_WARN_RANGE_LOOP_ANALYSIS = YES;
				CLANG_WARN_STRICT_PROTOTYPES = YES;
				CLANG_WARN_SUSPICIOUS_MOVE = YES;
				CLANG_WARN_UNGUARDED_AVAILABILITY = YES_AGGRESSIVE;
				CLANG_WARN_UNREACHABLE_CODE = YES;
				CLANG_WARN__DUPLICATE_METHOD_MATCH = YES;
				CODE_SIGN_IDENTITY = "iPhone Developer";
				COPY_PHASE_STRIP = NO;
				DEBUG_INFORMATION_FORMAT = dwarf;
				ENABLE_STRICT_OBJC_MSGSEND = YES;
				ENABLE_TESTABILITY = YES;
				GCC_C_LANGUAGE_STANDARD = gnu11;
				GCC_DYNAMIC_NO_PIC = NO;
				GCC_NO_COMMON_BLOCKS = YES;
				GCC_OPTIMIZATION_LEVEL = 0;
				GCC_PREPROCESSOR_DEFINITIONS = (
					"DEBUG=1",
					"$(inherited)",
				);
				GCC_WARN_64_TO_32_BIT_CONVERSION = YES;
				GCC_WARN_ABOUT_RETURN_TYPE = YES_ERROR;
				GCC_WARN_UNDECLARED_SELECTOR = YES;
				GCC_WARN_UNINITIALIZED_AUTOS = YES_AGGRESSIVE;
				GCC_WARN_UNUSED_FUNCTION = YES;
				GCC_WARN_UNUSED_VARIABLE = YES;
				IPHONEOS_DEPLOYMENT_TARGET = 11.2;
				MTL_ENABLE_DEBUG_INFO = YES;
				ONLY_ACTIVE_ARCH = YES;
				SDKROOT = iphoneos;
			};
			name = Debug;
		};
		09C86B9E217712AB00B5F212 /* Release */ = {
			isa = XCBuildConfiguration;
			buildSettings = {
				ALWAYS_SEARCH_USER_PATHS = NO;
				CLANG_ANALYZER_NONNULL = YES;
				CLANG_ANALYZER_NUMBER_OBJECT_CONVERSION = YES_AGGRESSIVE;
				CLANG_CXX_LANGUAGE_STANDARD = "gnu++14";
				CLANG_CXX_LIBRARY = "libc++";
				CLANG_ENABLE_MODULES = YES;
				CLANG_ENABLE_OBJC_ARC = YES;
				CLANG_WARN_BLOCK_CAPTURE_AUTORELEASING = YES;
				CLANG_WARN_BOOL_CONVERSION = YES;
				CLANG_WARN_COMMA = YES;
				CLANG_WARN_CONSTANT_CONVERSION = YES;
				CLANG_WARN_DIRECT_OBJC_ISA_USAGE = YES_ERROR;
				CLANG_WARN_DOCUMENTATION_COMMENTS = YES;
				CLANG_WARN_EMPTY_BODY = YES;
				CLANG_WARN_ENUM_CONVERSION = YES;
				CLANG_WARN_INFINITE_RECURSION = YES;
				CLANG_WARN_INT_CONVERSION = YES;
				CLANG_WARN_NON_LITERAL_NULL_CONVERSION = YES;
				CLANG_WARN_OBJC_LITERAL_CONVERSION = YES;
				CLANG_WARN_OBJC_ROOT_CLASS = YES_ERROR;
				CLANG_WARN_RANGE_LOOP_ANALYSIS = YES;
				CLANG_WARN_STRICT_PROTOTYPES = YES;
				CLANG_WARN_SUSPICIOUS_MOVE = YES;
				CLANG_WARN_UNGUARDED_AVAILABILITY = YES_AGGRESSIVE;
				CLANG_WARN_UNREACHABLE_CODE = YES;
				CLANG_WARN__DUPLICATE_METHOD_MATCH = YES;
				CODE_SIGN_IDENTITY = "iPhone Developer";
				COPY_PHASE_STRIP = NO;
				DEBUG_INFORMATION_FORMAT = "dwarf-with-dsym";
				ENABLE_NS_ASSERTIONS = NO;
				ENABLE_STRICT_OBJC_MSGSEND = YES;
				GCC_C_LANGUAGE_STANDARD = gnu11;
				GCC_NO_COMMON_BLOCKS = YES;
				GCC_WARN_64_TO_32_BIT_CONVERSION = YES;
				GCC_WARN_ABOUT_RETURN_TYPE = YES_ERROR;
				GCC_WARN_UNDECLARED_SELECTOR = YES;
				GCC_WARN_UNINITIALIZED_AUTOS = YES_AGGRESSIVE;
				GCC_WARN_UNUSED_FUNCTION = YES;
				GCC_WARN_UNUSED_VARIABLE = YES;
				IPHONEOS_DEPLOYMENT_TARGET = 11.2;
				MTL_ENABLE_DEBUG_INFO = NO;
				SDKROOT = iphoneos;
				VALIDATE_PRODUCT = YES;
			};
			name = Release;
		};
		09C86BA0217712AB00B5F212 /* Debug */ = {
			isa = XCBuildConfiguration;
			buildSettings = {
				ASSETCATALOG_COMPILER_APPICON_NAME = AppIcon;
				CODE_SIGN_STYLE = Automatic;
				INFOPLIST_FILE = "MY UI ProgressView/Info.plist";
				LD_RUNPATH_SEARCH_PATHS = "$(inherited) @executable_path/Frameworks";
				PRODUCT_BUNDLE_IDENTIFIER = "com.mark-4304.MY-UI-ProgressView";
				PRODUCT_NAME = "$(TARGET_NAME)";
				TARGETED_DEVICE_FAMILY = "1,2";
			};
			name = Debug;
		};
		09C86BA1217712AB00B5F212 /* Release */ = {
			isa = XCBuildConfiguration;
			buildSettings = {
				ASSETCATALOG_COMPILER_APPICON_NAME = AppIcon;
				CODE_SIGN_STYLE = Automatic;
				INFOPLIST_FILE = "MY UI ProgressView/Info.plist";
				LD_RUNPATH_SEARCH_PATHS = "$(inherited) @executable_path/Frameworks";
				PRODUCT_BUNDLE_IDENTIFIER = "com.mark-4304.MY-UI-ProgressView";
				PRODUCT_NAME = "$(TARGET_NAME)";
				TARGETED_DEVICE_FAMILY = "1,2";
			};
			name = Release;
		};
/* End XCBuildConfiguration section */

/* Begin XCConfigurationList section */
		09C86B84217712AB00B5F212 /* Build configuration list for PBXProject "MY UI ProgressView" */ = {
			isa = XCConfigurationList;
			buildConfigurations = (
				09C86B9D217712AB00B5F212 /* Debug */,
				09C86B9E217712AB00B5F212 /* Release */,
			);
			defaultConfigurationIsVisible = 0;
			defaultConfigurationName = Release;
		};
		09C86B9F217712AB00B5F212 /* Build configuration list for PBXNativeTarget "MY UI ProgressView" */ = {
			isa = XCConfigurationList;
			buildConfigurations = (
				09C86BA0217712AB00B5F212 /* Debug */,
				09C86BA1217712AB00B5F212 /* Release */,
			);
			defaultConfigurationIsVisible = 0;
			defaultConfigurationName = Release;
		};
/* End XCConfigurationList section */
	};
	rootObject = 09C86B81217712AB00B5F212 /* Project object */;
}
